
Microsoft Visual Studio Solution File, Format Version 12.00
# Visual Studio Version 17
VisualStudioVersion = 17.2.32317.152
MinimumVisualStudioVersion = 10.0.40219.1
Project("{9A19103F-16F7-4668-BE54-9A1E7A4F7556}") = "Geta.Optimizely.ProductFeed", "src\Geta.Optimizely.ProductFeed\Geta.Optimizely.ProductFeed.csproj", "{D20EADEE-A3BE-4D07-94A6-1D5FB74FC00B}"
EndProject
Project("{9A19103F-16F7-4668-BE54-9A1E7A4F7556}") = "Geta.Optimizely.ProductFeed.EfDesign", "src\Geta.Optimizely.ProductFeed.EfDesign\Geta.Optimizely.ProductFeed.EfDesign.csproj", "{03169E46-5F5E-4BE0-A24A-81A86B7095E1}"
EndProject
Project("{9A19103F-16F7-4668-BE54-9A1E7A4F7556}") = "Geta.Optimizely.ProductFeed.Google", "src\Geta.Optimizely.ProductFeed.Google\Geta.Optimizely.ProductFeed.Google.csproj", "{2545CF06-EFDB-4365-B595-02E2CBCA7BCC}"
EndProject
Project("{2150E333-8FDC-42A3-9474-1A3956D46DE8}") = "Solution Items", "Solution Items", "{037A2A73-2A17-4157-8A8F-59F26A78E6CC}"
	ProjectSection(SolutionItems) = preProject
		.github\workflows\build.yml = .github\workflows\build.yml
		CHANGELOG.md = CHANGELOG.md
		sandbox\dependencies.props = sandbox\dependencies.props
		LICENSE = LICENSE
		README.md = README.md
		.github\workflows\release.yml = .github\workflows\release.yml
	EndProjectSection
EndProject
Project("{9A19103F-16F7-4668-BE54-9A1E7A4F7556}") = "Geta.Optimizely.ProductFeed.Tests", "tests\Geta.Optimizely.ProductFeed.Tests\Geta.Optimizely.ProductFeed.Tests.csproj", "{8F1B100B-D8AE-43D3-A2B5-2EFA9428DD95}"
EndProject
Project("{9A19103F-16F7-4668-BE54-9A1E7A4F7556}") = "Geta.Optimizely.ProductFeed.Csv", "src\Geta.Optimizely.ProductFeed.Csv\Geta.Optimizely.ProductFeed.Csv.csproj", "{6787C1D8-6897-4350-8925-D3E3443EB82C}"
EndProject
Global
	GlobalSection(SolutionConfigurationPlatforms) = preSolution
		Debug|Any CPU = Debug|Any CPU
		Release|Any CPU = Release|Any CPU
	EndGlobalSection
	GlobalSection(ProjectConfigurationPlatforms) = postSolution
		{D20EADEE-A3BE-4D07-94A6-1D5FB74FC00B}.Debug|Any CPU.ActiveCfg = Debug|Any CPU
		{D20EADEE-A3BE-4D07-94A6-1D5FB74FC00B}.Debug|Any CPU.Build.0 = Debug|Any CPU
		{D20EADEE-A3BE-4D07-94A6-1D5FB74FC00B}.Release|Any CPU.ActiveCfg = Release|Any CPU
		{D20EADEE-A3BE-4D07-94A6-1D5FB74FC00B}.Release|Any CPU.Build.0 = Release|Any CPU
		{03169E46-5F5E-4BE0-A24A-81A86B7095E1}.Debug|Any CPU.ActiveCfg = Debug|Any CPU
		{03169E46-5F5E-4BE0-A24A-81A86B7095E1}.Debug|Any CPU.Build.0 = Debug|Any CPU
		{03169E46-5F5E-4BE0-A24A-81A86B7095E1}.Release|Any CPU.ActiveCfg = Release|Any CPU
		{03169E46-5F5E-4BE0-A24A-81A86B7095E1}.Release|Any CPU.Build.0 = Release|Any CPU
		{2545CF06-EFDB-4365-B595-02E2CBCA7BCC}.Debug|Any CPU.ActiveCfg = Debug|Any CPU
		{2545CF06-EFDB-4365-B595-02E2CBCA7BCC}.Debug|Any CPU.Build.0 = Debug|Any CPU
		{2545CF06-EFDB-4365-B595-02E2CBCA7BCC}.Release|Any CPU.ActiveCfg = Release|Any CPU
		{2545CF06-EFDB-4365-B595-02E2CBCA7BCC}.Release|Any CPU.Build.0 = Release|Any CPU
		{8F1B100B-D8AE-43D3-A2B5-2EFA9428DD95}.Debug|Any CPU.ActiveCfg = Debug|Any CPU
		{8F1B100B-D8AE-43D3-A2B5-2EFA9428DD95}.Debug|Any CPU.Build.0 = Debug|Any CPU
		{8F1B100B-D8AE-43D3-A2B5-2EFA9428DD95}.Release|Any CPU.ActiveCfg = Release|Any CPU
		{8F1B100B-D8AE-43D3-A2B5-2EFA9428DD95}.Release|Any CPU.Build.0 = Release|Any CPU
		{6787C1D8-6897-4350-8925-D3E3443EB82C}.Debug|Any CPU.ActiveCfg = Debug|Any CPU
		{6787C1D8-6897-4350-8925-D3E3443EB82C}.Debug|Any CPU.Build.0 = Debug|Any CPU
		{6787C1D8-6897-4350-8925-D3E3443EB82C}.Release|Any CPU.ActiveCfg = Release|Any CPU
		{6787C1D8-6897-4350-8925-D3E3443EB82C}.Release|Any CPU.Build.0 = Release|Any CPU
	EndGlobalSection
	GlobalSection(SolutionProperties) = preSolution
		HideSolutionNode = FALSE
	EndGlobalSection
	GlobalSection(NestedProjects) = preSolution
	EndGlobalSection
	GlobalSection(ExtensibilityGlobals) = postSolution
		SolutionGuid = {FD6AE611-DE9D-4DB1-AF35-47D0ED77EF8C}
	EndGlobalSection
EndGlobal
